# This file is generated by running "yarn install" inside your project.
# Manual changes might be lost - proceed with caution!

__metadata:
  version: 6
  cacheKey: 8

"@iden3/bigarray@npm:0.0.2":
  version: 0.0.2
  resolution: "@iden3/bigarray@npm:0.0.2"
  checksum: a58a4aa75284f7c74ef8a43dd0720764e94389ae4314213f18de9d712fbdb170dd0e9b48672ad297b5f15bd1658d3bff33fe1998e189b48cbf501f1fe78f0adc
  languageName: node
  linkType: hard

"@iden3/binfileutils@npm:0.0.11":
  version: 0.0.11
  resolution: "@iden3/binfileutils@npm:0.0.11"
  dependencies:
    fastfile: 0.0.20
    ffjavascript: ^0.2.48
  checksum: ca61db1325c7e038c6bd723c856eff5f2c82c76394db09d3350ef4f5b7525e3c9ab1f7429900ff5d3e9d26c5970bf5900e6126ccb5c5caa597c16a47336a6be8
  languageName: node
  linkType: hard

"ansi-styles@npm:^4.1.0":
  version: 4.3.0
  resolution: "ansi-styles@npm:4.3.0"
  dependencies:
    color-convert: ^2.0.1
  checksum: 513b44c3b2105dd14cc42a19271e80f386466c4be574bccf60b627432f9198571ebf4ab1e4c3ba17347658f4ee1711c163d574248c0c1cdc2d5917a0ad582ec4
  languageName: node
  linkType: hard

"async@npm:^3.2.3":
  version: 3.2.4
  resolution: "async@npm:3.2.4"
  checksum: 43d07459a4e1d09b84a20772414aa684ff4de085cbcaec6eea3c7a8f8150e8c62aa6cd4e699fe8ee93c3a5b324e777d34642531875a0817a35697522c1b02e89
  languageName: node
  linkType: hard

"b4a@npm:^1.0.1":
  version: 1.6.4
  resolution: "b4a@npm:1.6.4"
  checksum: 81b086f9af1f8845fbef4476307236bda3d660c158c201db976f19cdce05f41f93110ab6b12fd7a2696602a490cc43d5410ee36a56d6eef93afb0d6ca69ac3b2
  languageName: node
  linkType: hard

"balanced-match@npm:^1.0.0":
  version: 1.0.2
  resolution: "balanced-match@npm:1.0.2"
  checksum: 9706c088a283058a8a99e0bf91b0a2f75497f185980d9ffa8b304de1d9e58ebda7c72c07ebf01dadedaac5b2907b2c6f566f660d62bd336c3468e960403b9d65
  languageName: node
  linkType: hard

"bfj@npm:^7.0.2":
  version: 7.0.2
  resolution: "bfj@npm:7.0.2"
  dependencies:
    bluebird: ^3.5.5
    check-types: ^11.1.1
    hoopy: ^0.1.4
    tryer: ^1.0.1
  checksum: 0ca673234170eb3dcf00fb1d867ba274729ab05779dd19b35628c49da7adc32472b5f0bca0554ffdca15b094f9b36f16f2a8992ba8884ebd1d351d7f27abee7b
  languageName: node
  linkType: hard

"blake2b-wasm@npm:^2.4.0":
  version: 2.4.0
  resolution: "blake2b-wasm@npm:2.4.0"
  dependencies:
    b4a: ^1.0.1
    nanoassert: ^2.0.0
  checksum: 1839dd0693681228d81f781dd8680a6803a629ca374aed5ac02fa649ce40a67a85eb49eeb2ec6aeb7ef3ef5aa169b3579b50eabf7afa360d190338bc3e8666bd
  languageName: node
  linkType: hard

"bluebird@npm:^3.5.5":
  version: 3.7.2
  resolution: "bluebird@npm:3.7.2"
  checksum: 869417503c722e7dc54ca46715f70e15f4d9c602a423a02c825570862d12935be59ed9c7ba34a9b31f186c017c23cac6b54e35446f8353059c101da73eac22ef
  languageName: node
  linkType: hard

"brace-expansion@npm:^1.1.7":
  version: 1.1.11
  resolution: "brace-expansion@npm:1.1.11"
  dependencies:
    balanced-match: ^1.0.0
    concat-map: 0.0.1
  checksum: faf34a7bb0c3fcf4b59c7808bc5d2a96a40988addf2e7e09dfbb67a2251800e0d14cd2bfc1aa79174f2f5095c54ff27f46fb1289fe2d77dac755b5eb3434cc07
  languageName: node
  linkType: hard

"brace-expansion@npm:^2.0.1":
  version: 2.0.1
  resolution: "brace-expansion@npm:2.0.1"
  dependencies:
    balanced-match: ^1.0.0
  checksum: a61e7cd2e8a8505e9f0036b3b6108ba5e926b4b55089eeb5550cd04a471fe216c96d4fe7e4c7f995c728c554ae20ddfc4244cad10aef255e72b62930afd233d1
  languageName: node
  linkType: hard

"chalk@npm:^4.0.2":
  version: 4.1.2
  resolution: "chalk@npm:4.1.2"
  dependencies:
    ansi-styles: ^4.1.0
    supports-color: ^7.1.0
  checksum: fe75c9d5c76a7a98d45495b91b2172fa3b7a09e0cc9370e5c8feb1c567b85c4288e2b3fded7cfdd7359ac28d6b3844feb8b82b8686842e93d23c827c417e83fc
  languageName: node
  linkType: hard

"check-types@npm:^11.1.1":
  version: 11.2.2
  resolution: "check-types@npm:11.2.2"
  checksum: 61ed60d59e3397c8cf694f20edf73d0061cd6a905754efdec2ccdceafbd390cb09717bab855f9eba921d36278f84c86fe20f7e731a384e9803bc469c09153831
  languageName: node
  linkType: hard

"circom_runtime@npm:0.1.21":
  version: 0.1.21
  resolution: "circom_runtime@npm:0.1.21"
  dependencies:
    ffjavascript: 0.2.56
  bin:
    calcwit: calcwit.js
  checksum: 3071f1e0fba9a5fb41c940454edb911ce09edfd5d0bd12156ec79045a0bf3ff2cc5b35f46e84e42902ef8bb0a4166f428b75d0ceb363c0d485f1a111b27daba1
  languageName: node
  linkType: hard

"circomlib@npm:^2.0.3":
  version: 2.0.5
  resolution: "circomlib@npm:2.0.5"
  checksum: df8c3e0d51007758e30bb7ebad059ce692836420c85179088a20581c0adbf8f969d8cf901f9047adfcb80d45741eef4abe4d0d5e4c46748ace06e04256b5bfe7
  languageName: node
  linkType: hard

"color-convert@npm:^2.0.1":
  version: 2.0.1
  resolution: "color-convert@npm:2.0.1"
  dependencies:
    color-name: ~1.1.4
  checksum: 79e6bdb9fd479a205c71d89574fccfb22bd9053bd98c6c4d870d65c132e5e904e6034978e55b43d69fcaa7433af2016ee203ce76eeba9cfa554b373e7f7db336
  languageName: node
  linkType: hard

"color-name@npm:~1.1.4":
  version: 1.1.4
  resolution: "color-name@npm:1.1.4"
  checksum: b0445859521eb4021cd0fb0cc1a75cecf67fceecae89b63f62b201cca8d345baf8b952c966862a9d9a2632987d4f6581f0ec8d957dfacece86f0a7919316f610
  languageName: node
  linkType: hard

"concat-map@npm:0.0.1":
  version: 0.0.1
  resolution: "concat-map@npm:0.0.1"
  checksum: 902a9f5d8967a3e2faf138d5cb784b9979bad2e6db5357c5b21c568df4ebe62bcb15108af1b2253744844eb964fc023fbd9afbbbb6ddd0bcc204c6fb5b7bf3af
  languageName: node
  linkType: hard

"dotenv@npm:^16.1.4":
  version: 16.1.4
  resolution: "dotenv@npm:16.1.4"
  checksum: c1b2e13df4d374a6a29e134c56c7b040ba20500677fe8b9939ea654f3b3badb9aaa0b172e40e4dfa1233a4177dbb8fb79d84cc79a50ac9c9641fe2ad98c14876
  languageName: node
  linkType: hard

"double-blind@workspace:.":
  version: 0.0.0-use.local
  resolution: "double-blind@workspace:."
  dependencies:
    circomlib: ^2.0.3
    dotenv: ^16.1.4
    snarkjs: "https://github.com/sampritipanda/snarkjs.git#fef81fc51d17a734637555c6edbd585ecda02d9e"
  languageName: unknown
  linkType: soft

"ejs@npm:^3.1.6":
  version: 3.1.9
  resolution: "ejs@npm:3.1.9"
  dependencies:
    jake: ^10.8.5
  bin:
    ejs: bin/cli.js
  checksum: af6f10eb815885ff8a8cfacc42c6b6cf87daf97a4884f87a30e0c3271fedd85d76a3a297d9c33a70e735b97ee632887f85e32854b9cdd3a2d97edf931519a35f
  languageName: node
  linkType: hard

"fastfile@npm:0.0.20":
  version: 0.0.20
  resolution: "fastfile@npm:0.0.20"
  checksum: e5d6e5f57a9b58c9534202e477cbffbca2182c407171950695ddb5c3e6b89554bc8561fbb6e370c99e371a8f23486a23fbaca527827886cec4897d481cbd03b6
  languageName: node
  linkType: hard

"ffjavascript@npm:0.2.56":
  version: 0.2.56
  resolution: "ffjavascript@npm:0.2.56"
  dependencies:
    wasmbuilder: 0.0.16
    wasmcurves: 0.2.0
    web-worker: ^1.2.0
  checksum: d4e02263db4a94d111cdc7c1211ae96769370f5c8c3c338331e0ef99faed7b55e640bedf23fa8a83fc9a77f0e81140ea8f32e392812a00e15ca504221b879a4f
  languageName: node
  linkType: hard

"ffjavascript@npm:^0.2.48":
  version: 0.2.59
  resolution: "ffjavascript@npm:0.2.59"
  dependencies:
    wasmbuilder: 0.0.16
    wasmcurves: 0.2.1
    web-worker: ^1.2.0
  checksum: a2e77936b3b189b4728c625d04c2740ff7e2216970c7ba19ef0d480447ab770d08a01c036dbd906a3f587c297b697318e8cdaaaf2ec5d503003703e72dc82f30
  languageName: node
  linkType: hard

"filelist@npm:^1.0.4":
  version: 1.0.4
  resolution: "filelist@npm:1.0.4"
  dependencies:
    minimatch: ^5.0.1
  checksum: a303573b0821e17f2d5e9783688ab6fbfce5d52aaac842790ae85e704a6f5e4e3538660a63183d6453834dedf1e0f19a9dadcebfa3e926c72397694ea11f5160
  languageName: node
  linkType: hard

"has-flag@npm:^4.0.0":
  version: 4.0.0
  resolution: "has-flag@npm:4.0.0"
  checksum: 261a1357037ead75e338156b1f9452c016a37dcd3283a972a30d9e4a87441ba372c8b81f818cd0fbcd9c0354b4ae7e18b9e1afa1971164aef6d18c2b6095a8ad
  languageName: node
  linkType: hard

"hoopy@npm:^0.1.4":
  version: 0.1.4
  resolution: "hoopy@npm:0.1.4"
  checksum: cfa60c7684c5e1ee4efe26e167bc54b73f839ffb59d1d44a5c4bf891e26b4f5bcc666555219a98fec95508fea4eda3a79540c53c05cc79afc1f66f9a238f4d9e
  languageName: node
  linkType: hard

"immediate@npm:~3.0.5":
  version: 3.0.6
  resolution: "immediate@npm:3.0.6"
  checksum: f9b3486477555997657f70318cc8d3416159f208bec4cca3ff3442fd266bc23f50f0c9bd8547e1371a6b5e82b821ec9a7044a4f7b944798b25aa3cc6d5e63e62
  languageName: node
  linkType: hard

"jake@npm:^10.8.5":
  version: 10.8.7
  resolution: "jake@npm:10.8.7"
  dependencies:
    async: ^3.2.3
    chalk: ^4.0.2
    filelist: ^1.0.4
    minimatch: ^3.1.2
  bin:
    jake: bin/cli.js
  checksum: a23fd2273fb13f0d0d845502d02c791fd55ef5c6a2d207df72f72d8e1eac6d2b8ffa6caf660bc8006b3242e0daaa88a3ecc600194d72b5c6016ad56e9cd43553
  languageName: node
  linkType: hard

"js-sha3@npm:^0.8.0":
  version: 0.8.0
  resolution: "js-sha3@npm:0.8.0"
  checksum: 75df77c1fc266973f06cce8309ce010e9e9f07ec35ab12022ed29b7f0d9c8757f5a73e1b35aa24840dced0dea7059085aa143d817aea9e188e2a80d569d9adce
  languageName: node
  linkType: hard

"lie@npm:3.1.1":
  version: 3.1.1
  resolution: "lie@npm:3.1.1"
  dependencies:
    immediate: ~3.0.5
  checksum: 6da9f2121d2dbd15f1eca44c0c7e211e66a99c7b326ec8312645f3648935bc3a658cf0e9fa7b5f10144d9e2641500b4f55bd32754607c3de945b5f443e50ddd1
  languageName: node
  linkType: hard

"localforage@npm:^1.10.0":
  version: 1.10.0
  resolution: "localforage@npm:1.10.0"
  dependencies:
    lie: 3.1.1
  checksum: f2978b434dafff9bcb0d9498de57d97eba165402419939c944412e179cab1854782830b5ec196212560b22712d1dd03918939f59cf1d4fc1d756fca7950086cf
  languageName: node
  linkType: hard

"logplease@npm:^1.2.15":
  version: 1.2.15
  resolution: "logplease@npm:1.2.15"
  checksum: c2ac90a75dfa28234f67c79a112baf3c7d7a3011a6d16b052e299ad2f37430fd17959fa116629e14ef3b56796a2dd7015802d0a835ded107ceacb0ca5a44393f
  languageName: node
  linkType: hard

"minimatch@npm:^3.1.2":
  version: 3.1.2
  resolution: "minimatch@npm:3.1.2"
  dependencies:
    brace-expansion: ^1.1.7
  checksum: c154e566406683e7bcb746e000b84d74465b3a832c45d59912b9b55cd50dee66e5c4b1e5566dba26154040e51672f9aa450a9aef0c97cfc7336b78b7afb9540a
  languageName: node
  linkType: hard

"minimatch@npm:^5.0.1":
  version: 5.1.6
  resolution: "minimatch@npm:5.1.6"
  dependencies:
    brace-expansion: ^2.0.1
  checksum: 7564208ef81d7065a370f788d337cd80a689e981042cb9a1d0e6580b6c6a8c9279eba80010516e258835a988363f99f54a6f711a315089b8b42694f5da9d0d77
  languageName: node
  linkType: hard

"nanoassert@npm:^2.0.0":
  version: 2.0.0
  resolution: "nanoassert@npm:2.0.0"
  checksum: b1d366f9524405f3337192d32dda6ac0b02374e4d0550c9aad33480caf2eb3c84c06f18f41f4c5404c14f6fc1ae6b84692b4375166dcb9f2d04a2ea9b9bccba0
  languageName: node
  linkType: hard

"r1csfile@npm:0.0.41":
  version: 0.0.41
  resolution: "r1csfile@npm:0.0.41"
  dependencies:
    "@iden3/bigarray": 0.0.2
    "@iden3/binfileutils": 0.0.11
    fastfile: 0.0.20
    ffjavascript: 0.2.56
  checksum: eec689416f66f09db2d6ca66fac1ef6841b088ab29abcde487145ebd2110916c92583e11ac86f0cdcc4e8a3a7c7df9ff5352ad959e8ae385d37c3b51cec5cf4d
  languageName: node
  linkType: hard

"snarkjs@https://github.com/sampritipanda/snarkjs.git#fef81fc51d17a734637555c6edbd585ecda02d9e":
  version: 0.5.0
  resolution: "snarkjs@https://github.com/sampritipanda/snarkjs.git#commit=fef81fc51d17a734637555c6edbd585ecda02d9e"
  dependencies:
    "@iden3/binfileutils": 0.0.11
    bfj: ^7.0.2
    blake2b-wasm: ^2.4.0
    circom_runtime: 0.1.21
    ejs: ^3.1.6
    fastfile: 0.0.20
    ffjavascript: 0.2.56
    js-sha3: ^0.8.0
    localforage: ^1.10.0
    logplease: ^1.2.15
    r1csfile: 0.0.41
  bin:
    snarkjs: build/cli.cjs
  checksum: f2050f0135d50d459ea0edddf3e394e833a2d28c6648e5889b2f896814865e5c60606e978a8a106bd5bfe7e27501c315f249db5b71895d5e7e6e9a87bfcd55ab
  languageName: node
  linkType: hard

"supports-color@npm:^7.1.0":
  version: 7.2.0
  resolution: "supports-color@npm:7.2.0"
  dependencies:
    has-flag: ^4.0.0
  checksum: 3dda818de06ebbe5b9653e07842d9479f3555ebc77e9a0280caf5a14fb877ffee9ed57007c3b78f5a6324b8dbeec648d9e97a24e2ed9fdb81ddc69ea07100f4a
  languageName: node
  linkType: hard

"tryer@npm:^1.0.1":
  version: 1.0.1
  resolution: "tryer@npm:1.0.1"
  checksum: 1cf14d7f67c79613f054b569bfc9a89c7020d331573a812dfcf7437244e8f8e6eb6893b210cbd9cc217f67c1d72617f89793df231e4fe7d53634ed91cf3a89d1
  languageName: node
  linkType: hard

"wasmbuilder@npm:0.0.16":
  version: 0.0.16
  resolution: "wasmbuilder@npm:0.0.16"
  checksum: a9c8ef4a0a770f71865dc7a75bc22e5204227ff6d70bed90e57f7df5939a013d4177947ea4c2c3fdfe6761b92d975908ea846c463ee635d1c95e1a3c434b7ee1
  languageName: node
  linkType: hard

"wasmcurves@npm:0.2.0":
  version: 0.2.0
  resolution: "wasmcurves@npm:0.2.0"
  dependencies:
    wasmbuilder: 0.0.16
  checksum: 0769ca2d0c2f99619436f86dcab16294d94cc0c8a114b0c5e6ed71df49625a6ad35000011fee57471b7647838eeb75f631e74b200996ac2513e8ca0c47e5b8d0
  languageName: node
  linkType: hard

"wasmcurves@npm:0.2.1":
  version: 0.2.1
  resolution: "wasmcurves@npm:0.2.1"
  dependencies:
    wasmbuilder: 0.0.16
  checksum: 3bfd6c3bf339e5e3980590afecf83d5a06fbb0ec8d4e1612c5d7a8edd90173c05270b45832330964eac281c70b9d04229de430673952c6516c2feb9c42d2ab03
  languageName: node
  linkType: hard

"web-worker@npm:^1.2.0":
  version: 1.2.0
  resolution: "web-worker@npm:1.2.0"
  checksum: 1bb28348ddcf9b2e7c62c5fd02e49a84098795856cd905456de957271bba288e9618941cf69d8960f0a7ae81f5dfb74b427c0634be47ec69e3e955c4ec5213be
  languageName: node
  linkType: hard
