# This file is generated by running "yarn install" inside your project.
# Manual changes might be lost - proceed with caution!

__metadata:
  version: 6
  cacheKey: 8

"@openzeppelin/contracts-upgradeable@npm:^4.9.3":
  version: 4.9.3
  resolution: "@openzeppelin/contracts-upgradeable@npm:4.9.3"
  checksum: bda0240b1d44c913ec5a4e109c622f216c2bbd7b468d210822f75782a5f7fe0609d08bf03b78b253333625e99e507cf2f75212f1de3b274bd9fc64ae967aeec3
  languageName: node
  linkType: hard

"@openzeppelin/contracts@npm:^4.9.3":
  version: 4.9.3
  resolution: "@openzeppelin/contracts@npm:4.9.3"
  checksum: 4932063e733b35fa7669b9fe2053f69b062366c5c208b0c6cfa1ac451712100c78acff98120c3a4b88d94154c802be05d160d71f37e7d74cadbe150964458838
  languageName: node
  linkType: hard

"@zk-email/contracts@file:../../../packages/contracts::locator=%40zk-email%2Ftwitter-verifier-contracts%40workspace%3A.":
  version: 5.0.0
  resolution: "@zk-email/contracts@file:../../../packages/contracts#../../../packages/contracts::hash=b22f62&locator=%40zk-email%2Ftwitter-verifier-contracts%40workspace%3A."
  dependencies:
    "@openzeppelin/contracts": ^4.9.3
    dotenv: ^16.3.1
  checksum: ac70ad68aed9f47e2bf03ef620691544d048ee7fde67e5e7b36680075ceb18da7f3e8e74195253454c75fd89b66753f9299e8b3a57dd789a01895f73732eda7d
  languageName: node
  linkType: hard

"@zk-email/twitter-verifier-contracts@workspace:.":
  version: 0.0.0-use.local
  resolution: "@zk-email/twitter-verifier-contracts@workspace:."
  dependencies:
    "@openzeppelin/contracts": ^4.9.3
    "@openzeppelin/contracts-upgradeable": ^4.9.3
    "@zk-email/contracts": ../../../packages/contracts
    ds-test: "https://github.com/dapphub/ds-test"
    forge-std: "https://github.com/foundry-rs/forge-std"
  languageName: unknown
  linkType: soft

"dotenv@npm:^16.3.1":
  version: 16.3.1
  resolution: "dotenv@npm:16.3.1"
  checksum: 15d75e7279018f4bafd0ee9706593dd14455ddb71b3bcba9c52574460b7ccaf67d5cf8b2c08a5af1a9da6db36c956a04a1192b101ee102a3e0cf8817bbcf3dfd
  languageName: node
  linkType: hard

"ds-test@https://github.com/dapphub/ds-test":
  version: 1.0.0
  resolution: "ds-test@https://github.com/dapphub/ds-test.git#commit=e282159d5170298eb2455a6c05280ab5a73a4ef0"
  checksum: 8f36e20dde868d062841c790fc43c9dd18b93d6180995f378bedaee1f24444950838843c0f2ffa5ac3b8a21b4c29fd97a60725e29e8ff71c9cf28f837614d96f
  languageName: node
  linkType: hard

"forge-std@https://github.com/foundry-rs/forge-std":
  version: 1.7.1
  resolution: "forge-std@https://github.com/foundry-rs/forge-std.git#commit=37a37ab73364d6644bfe11edf88a07880f99bd56"
  checksum: f3c8748bf911a3e90d749df2e3f729f47f494a3a36c80203d4d9bc0a7cce3f0ab1d08e97b50aa4a330eda633233c18f4fa249919d8ca75ae61b96cfa643b67a2
  languageName: node
  linkType: hard
